<Solution>
  <Project Path="lw1/lw2.2 1.csproj" Id="07860993-e69d-46fe-8e0b-f225948e07c5" />
  <Project Path="lw10/lw2.2 10.csproj" Id="ae9b3d11-1e7d-45c4-a76b-3225e85844ca" />
  <Project Path="lw11/lw2.2 11.csproj" Id="061f1fcf-f627-494d-934f-860b589ffe54" />
  <Project Path="lw12/lw2.2 12.csproj" Id="856a7a07-82a3-4d62-a578-603a793846aa" />
  <Project Path="lw2/lw2.2 2.csproj" Id="7b238b30-9939-4aff-b06a-a9776b820d8d" />
  <Project Path="lw3/lw2.2 3.csproj" />
  <Project Path="lw4/lw2.2 4.csproj" Id="14c977af-e5ec-4a52-b78d-32f5488807ed" />
  <Project Path="lw5/lw2.2 5.csproj" Id="8239a9b0-efb7-43b5-ac55-83d6291ef599" />
  <Project Path="lw6/lw2.2 6.csproj" Id="5d09c03c-927a-4345-accd-e0590683bd23" />
  <Project Path="lw7/lw2.2 7.csproj" Id="69f42478-0479-4f6e-8825-3970611614ea" />
  <Project Path="lw8/lw2.2 8.csproj" Id="6c464757-9cfa-435e-8b34-dee4ac8e97de" />
  <Project Path="lw9/lw2.2 9.csproj" Id="ded15b4a-5989-44eb-8334-56233e8bab03" />
</Solution>
